{
  "name": "lazybook",
  "lockfileVersion": 3,
  "requires": true,
  "packages": {
    "": {
      "dependencies": {
        "@capacitor/android": "^5.1.0"
      }
    },
    "node_modules/@capacitor/android": {
      "version": "5.1.0",
      "resolved": "https://registry.npmjs.org/@capacitor/android/-/android-5.1.0.tgz",
      "integrity": "sha512-gtJWhu+vFnYo4o4XxBYqaP0mPOgwjJucjlhpWovbKEtb4AgsKyPLrLaVM4U6j1QizIR23carA2hddUSNm/LSTA==",
      "peerDependencies": {
        "@capacitor/core": "^5.1.0"
      }
    },
    "node_modules/@capacitor/core": {
      "version": "5.1.0",
      "resolved": "https://registry.npmjs.org/@capacitor/core/-/core-5.1.0.tgz",
      "integrity": "sha512-lQDcQ0WKwyhFdtOXxyB+szxlTscGZeOk1tgNVrTg4glnF4k92RrC3uD4LQ27ITFwjBmTNPvOS3vyLz6B3I3JeA==",
      "peer": true,
      "dependencies": {
        "tslib": "^2.1.0"
      }
    },
    "node_modules/tslib": {
      "version": "2.6.0",
      "resolved": "https://registry.npmjs.org/tslib/-/tslib-2.6.0.tgz",
      "integrity": "sha512-7At1WUettjcSRHXCyYtTselblcHl9PJFFVKiCAy/bY97+BPZXSQ2wbq0P9s8tK2G7dFQfNnlJnPAiArVBVBsfA==",
      "peer": true
    }
  }
}
